
Microsoft Visual Studio Solution File, Format Version 12.00
# Visual Studio 15
VisualStudioVersion = 15.0.28307.271
MinimumVisualStudioVersion = 10.0.40219.1
Project("{FAE04EC0-301F-11D3-BF4B-00C04F79EFBC}") = "BSK_proj2", "BSK_proj2\BSK_proj2.csproj", "{9A1D1AA9-EFE9-4876-BEC0-258C3AF8DDC5}"
EndProject
Global
	GlobalSection(SolutionConfigurationPlatforms) = preSolution
		Debug|Any CPU = Debug|Any CPU
		Release|Any CPU = Release|Any CPU
	EndGlobalSection
	GlobalSection(ProjectConfigurationPlatforms) = postSolution
		{9A1D1AA9-EFE9-4876-BEC0-258C3AF8DDC5}.Debug|Any CPU.ActiveCfg = Debug|Any CPU
		{9A1D1AA9-EFE9-4876-BEC0-258C3AF8DDC5}.Debug|Any CPU.Build.0 = Debug|Any CPU
		{9A1D1AA9-EFE9-4876-BEC0-258C3AF8DDC5}.Release|Any CPU.ActiveCfg = Release|Any CPU
		{9A1D1AA9-EFE9-4876-BEC0-258C3AF8DDC5}.Release|Any CPU.Build.0 = Release|Any CPU
	EndGlobalSection
	GlobalSection(SolutionProperties) = preSolution
		HideSolutionNode = FALSE
	EndGlobalSection
	GlobalSection(ExtensibilityGlobals) = postSolution
		SolutionGuid = {917F66EA-7B22-4202-BBCA-98B4EA42ACD4}
	EndGlobalSection
EndGlobal
